
Microsoft Visual Studio Solution File, Format Version 12.00
# Visual Studio 15
VisualStudioVersion = 15.0.27703.2042
MinimumVisualStudioVersion = 10.0.40219.1
Project("{FAE04EC0-301F-11D3-BF4B-00C04F79EFBC}") = "JoeRusso1", "JoeRusso1\JoeRusso1.csproj", "{BA1F749D-F6E7-4C38-8919-83DCCF79CA18}"
EndProject
Global
	GlobalSection(SolutionConfigurationPlatforms) = preSolution
		Debug|Any CPU = Debug|Any CPU
		Release|Any CPU = Release|Any CPU
	EndGlobalSection
	GlobalSection(ProjectConfigurationPlatforms) = postSolution
		{BA1F749D-F6E7-4C38-8919-83DCCF79CA18}.Debug|Any CPU.ActiveCfg = Debug|Any CPU
		{BA1F749D-F6E7-4C38-8919-83DCCF79CA18}.Debug|Any CPU.Build.0 = Debug|Any CPU
		{BA1F749D-F6E7-4C38-8919-83DCCF79CA18}.Release|Any CPU.ActiveCfg = Release|Any CPU
		{BA1F749D-F6E7-4C38-8919-83DCCF79CA18}.Release|Any CPU.Build.0 = Release|Any CPU
	EndGlobalSection
	GlobalSection(SolutionProperties) = preSolution
		HideSolutionNode = FALSE
	EndGlobalSection
	GlobalSection(ExtensibilityGlobals) = postSolution
		SolutionGuid = {4647ADE2-E6AA-4FCD-8CD3-2987CD02A24C}
	EndGlobalSection
EndGlobal
